
Microsoft Visual Studio Solution File, Format Version 12.00
# Visual Studio 15
VisualStudioVersion = 15.0.28010.2048
MinimumVisualStudioVersion = 10.0.40219.1
Project("{FAE04EC0-301F-11D3-BF4B-00C04F79EFBC}") = "kütüphanem", "kütüphanem\kütüphanem.csproj", "{ACC4AB7E-6546-4EAF-B18D-A0CF39233B92}"
EndProject
Global
	GlobalSection(SolutionConfigurationPlatforms) = preSolution
		Debug|Any CPU = Debug|Any CPU
		Release|Any CPU = Release|Any CPU
	EndGlobalSection
	GlobalSection(ProjectConfigurationPlatforms) = postSolution
		{ACC4AB7E-6546-4EAF-B18D-A0CF39233B92}.Debug|Any CPU.ActiveCfg = Debug|Any CPU
		{ACC4AB7E-6546-4EAF-B18D-A0CF39233B92}.Debug|Any CPU.Build.0 = Debug|Any CPU
		{ACC4AB7E-6546-4EAF-B18D-A0CF39233B92}.Release|Any CPU.ActiveCfg = Release|Any CPU
		{ACC4AB7E-6546-4EAF-B18D-A0CF39233B92}.Release|Any CPU.Build.0 = Release|Any CPU
	EndGlobalSection
	GlobalSection(SolutionProperties) = preSolution
		HideSolutionNode = FALSE
	EndGlobalSection
	GlobalSection(ExtensibilityGlobals) = postSolution
		SolutionGuid = {8B2CDBA2-D7C0-4974-B0FC-9960A5C69B6F}
	EndGlobalSection
EndGlobal
